// !$*UTF8*$!
{
	archiveVersion = 1;
	classes = {
	};
	objectVersion = 55;
	objects = {

/* Begin PBXBuildFile section */
		6E8AF60053CD21E3EA8B6786 /* Pods_Fitness.framework in Frameworks */ = {isa = PBXBuildFile; fileRef = 484429938DC35AFE8E8689BF /* Pods_Fitness.framework */; };
		87144441290909AE007EBBA2 /* ChallengeListView.swift in Sources */ = {isa = PBXBuildFile; fileRef = 87144440290909AE007EBBA2 /* ChallengeListView.swift */; };
		87144443290909C1007EBBA2 /* ChallengeListViewModel.swift in Sources */ = {isa = PBXBuildFile; fileRef = 87144442290909C1007EBBA2 /* ChallengeListViewModel.swift */; };
		87144445290912C2007EBBA2 /* QuerySnapshotPublisher.swift in Sources */ = {isa = PBXBuildFile; fileRef = 87144444290912C2007EBBA2 /* QuerySnapshotPublisher.swift */; };
		8714444729092123007EBBA2 /* ChallengeItemViewModel.swift in Sources */ = {isa = PBXBuildFile; fileRef = 8714444629092123007EBBA2 /* ChallengeItemViewModel.swift */; };
		8719093D290161D6001D383C /* FitnessApp.swift in Sources */ = {isa = PBXBuildFile; fileRef = 8719093C290161D6001D383C /* FitnessApp.swift */; };
		8719093F290161D6001D383C /* LandingView.swift in Sources */ = {isa = PBXBuildFile; fileRef = 8719093E290161D6001D383C /* LandingView.swift */; };
		87190941290161D7001D383C /* Assets.xcassets in Resources */ = {isa = PBXBuildFile; fileRef = 87190940290161D7001D383C /* Assets.xcassets */; };
		87190944290161D7001D383C /* Preview Assets.xcassets in Resources */ = {isa = PBXBuildFile; fileRef = 87190943290161D7001D383C /* Preview Assets.xcassets */; };
		87190946290161D7001D383C /* Persistence.swift in Sources */ = {isa = PBXBuildFile; fileRef = 87190945290161D7001D383C /* Persistence.swift */; };
		87190949290161D7001D383C /* Fitness.xcdatamodeld in Sources */ = {isa = PBXBuildFile; fileRef = 87190947290161D7001D383C /* Fitness.xcdatamodeld */; };
		87190953290161D7001D383C /* FitnessTests.swift in Sources */ = {isa = PBXBuildFile; fileRef = 87190952290161D7001D383C /* FitnessTests.swift */; };
		8719095D290161D7001D383C /* FitnessUITests.swift in Sources */ = {isa = PBXBuildFile; fileRef = 8719095C290161D7001D383C /* FitnessUITests.swift */; };
		8719095F290161D7001D383C /* FitnessUITestsLaunchTests.swift in Sources */ = {isa = PBXBuildFile; fileRef = 8719095E290161D7001D383C /* FitnessUITestsLaunchTests.swift */; };
		8719096E29016829001D383C /* PrimaryButtonStyle.swift in Sources */ = {isa = PBXBuildFile; fileRef = 8719096D29016829001D383C /* PrimaryButtonStyle.swift */; };
		87190971290168F2001D383C /* Color+Extension.swift in Sources */ = {isa = PBXBuildFile; fileRef = 87190970290168F2001D383C /* Color+Extension.swift */; };
		87190973290170CD001D383C /* CreateView.swift in Sources */ = {isa = PBXBuildFile; fileRef = 87190972290170CD001D383C /* CreateView.swift */; };
		8719097629017153001D383C /* DropDownView.swift in Sources */ = {isa = PBXBuildFile; fileRef = 8719097529017153001D383C /* DropDownView.swift */; };
		8719097829017655001D383C /* RemindView.swift in Sources */ = {isa = PBXBuildFile; fileRef = 8719097729017655001D383C /* RemindView.swift */; };
		8719097C2901799E001D383C /* CreateChallengeViewModel.swift in Sources */ = {isa = PBXBuildFile; fileRef = 8719097B2901799E001D383C /* CreateChallengeViewModel.swift */; };
		8719097E29017A1F001D383C /* DropdownItemProtocol.swift in Sources */ = {isa = PBXBuildFile; fileRef = 8719097D29017A1F001D383C /* DropdownItemProtocol.swift */; };
		8744268E2907D6940045CC3A /* Challenge.swift in Sources */ = {isa = PBXBuildFile; fileRef = 8744268D2907D6940045CC3A /* Challenge.swift */; };
		874426902907D76C0045CC3A /* ChallengeService.swift in Sources */ = {isa = PBXBuildFile; fileRef = 8744268F2907D76C0045CC3A /* ChallengeService.swift */; };
		874426922907E4A40045CC3A /* FitnessError.swift in Sources */ = {isa = PBXBuildFile; fileRef = 874426912907E4A40045CC3A /* FitnessError.swift */; };
		874426952907EBC50045CC3A /* AuthPublisher.swift in Sources */ = {isa = PBXBuildFile; fileRef = 874426942907EBC50045CC3A /* AuthPublisher.swift */; };
		8755285729058DFE007129ED /* GoogleService-Info.plist in Resources */ = {isa = PBXBuildFile; fileRef = 8755285629058DFE007129ED /* GoogleService-Info.plist */; };
		8755285A29059669007129ED /* UserService.swift in Sources */ = {isa = PBXBuildFile; fileRef = 8755285929059669007129ED /* UserService.swift */; };
		877816F2290A679900AB4713 /* SettingsView.swift in Sources */ = {isa = PBXBuildFile; fileRef = 877816F1290A679900AB4713 /* SettingsView.swift */; };
		877816F4290A67AB00AB4713 /* SettingsViewModel.swift in Sources */ = {isa = PBXBuildFile; fileRef = 877816F3290A67AB00AB4713 /* SettingsViewModel.swift */; };
		877816F6290A686800AB4713 /* SettingsItemViewModel.swift in Sources */ = {isa = PBXBuildFile; fileRef = 877816F5290A686800AB4713 /* SettingsItemViewModel.swift */; };
		877816F8290A82C800AB4713 /* LandingViewModel.swift in Sources */ = {isa = PBXBuildFile; fileRef = 877816F7290A82C800AB4713 /* LandingViewModel.swift */; };
		877816FA290A88FE00AB4713 /* LoginSignupView.swift in Sources */ = {isa = PBXBuildFile; fileRef = 877816F9290A88FE00AB4713 /* LoginSignupView.swift */; };
		877816FC290A899700AB4713 /* LoginSignupViewModel.swift in Sources */ = {isa = PBXBuildFile; fileRef = 877816FB290A899700AB4713 /* LoginSignupViewModel.swift */; };
		877816FE290A8D6A00AB4713 /* TextFieldCustomRoundedStyle.swift in Sources */ = {isa = PBXBuildFile; fileRef = 877816FD290A8D6A00AB4713 /* TextFieldCustomRoundedStyle.swift */; };
		87B591FB2908116300657CC7 /* TabContainerView.swift in Sources */ = {isa = PBXBuildFile; fileRef = 87B591FA2908116300657CC7 /* TabContainerView.swift */; };
		87DE6B782919124700C7B273 /* ProgressCircleView.swift in Sources */ = {isa = PBXBuildFile; fileRef = 87DE6B772919124700C7B273 /* ProgressCircleView.swift */; };
		87DE6B7A291912E200C7B273 /* ProgressCircleViewModel.swift in Sources */ = {isa = PBXBuildFile; fileRef = 87DE6B79291912E200C7B273 /* ProgressCircleViewModel.swift */; };
		8AB1BA36492D83723320E20E /* Pods_Fitness_FitnessUITests.framework in Frameworks */ = {isa = PBXBuildFile; fileRef = 27F5837D41F3D21BEC5CBC7B /* Pods_Fitness_FitnessUITests.framework */; };
		EFEE154B962B0DD4934696F5 /* Pods_FitnessTests.framework in Frameworks */ = {isa = PBXBuildFile; fileRef = 7C67881B7D3E34EC3A219481 /* Pods_FitnessTests.framework */; };
/* End PBXBuildFile section */

/* Begin PBXContainerItemProxy section */
		8719094F290161D7001D383C /* PBXContainerItemProxy */ = {
			isa = PBXContainerItemProxy;
			containerPortal = 87190931290161D6001D383C /* Project object */;
			proxyType = 1;
			remoteGlobalIDString = 87190938290161D6001D383C;
			remoteInfo = Fitness;
		};
		87190959290161D7001D383C /* PBXContainerItemProxy */ = {
			isa = PBXContainerItemProxy;
			containerPortal = 87190931290161D6001D383C /* Project object */;
			proxyType = 1;
			remoteGlobalIDString = 87190938290161D6001D383C;
			remoteInfo = Fitness;
		};
/* End PBXContainerItemProxy section */

/* Begin PBXFileReference section */
		27F5837D41F3D21BEC5CBC7B /* Pods_Fitness_FitnessUITests.framework */ = {isa = PBXFileReference; explicitFileType = wrapper.framework; includeInIndex = 0; path = Pods_Fitness_FitnessUITests.framework; sourceTree = BUILT_PRODUCTS_DIR; };
		2EDD8E6A98BA9C48D9851DE9 /* Pods-FitnessTests.release.xcconfig */ = {isa = PBXFileReference; includeInIndex = 1; lastKnownFileType = text.xcconfig; name = "Pods-FitnessTests.release.xcconfig"; path = "Target Support Files/Pods-FitnessTests/Pods-FitnessTests.release.xcconfig"; sourceTree = "<group>"; };
		484429938DC35AFE8E8689BF /* Pods_Fitness.framework */ = {isa = PBXFileReference; explicitFileType = wrapper.framework; includeInIndex = 0; path = Pods_Fitness.framework; sourceTree = BUILT_PRODUCTS_DIR; };
		7C67881B7D3E34EC3A219481 /* Pods_FitnessTests.framework */ = {isa = PBXFileReference; explicitFileType = wrapper.framework; includeInIndex = 0; path = Pods_FitnessTests.framework; sourceTree = BUILT_PRODUCTS_DIR; };
		87144440290909AE007EBBA2 /* ChallengeListView.swift */ = {isa = PBXFileReference; lastKnownFileType = sourcecode.swift; path = ChallengeListView.swift; sourceTree = "<group>"; };
		87144442290909C1007EBBA2 /* ChallengeListViewModel.swift */ = {isa = PBXFileReference; lastKnownFileType = sourcecode.swift; path = ChallengeListViewModel.swift; sourceTree = "<group>"; };
		87144444290912C2007EBBA2 /* QuerySnapshotPublisher.swift */ = {isa = PBXFileReference; lastKnownFileType = sourcecode.swift; path = QuerySnapshotPublisher.swift; sourceTree = "<group>"; };
		8714444629092123007EBBA2 /* ChallengeItemViewModel.swift */ = {isa = PBXFileReference; lastKnownFileType = sourcecode.swift; path = ChallengeItemViewModel.swift; sourceTree = "<group>"; };
		87190939290161D6001D383C /* Fitness.app */ = {isa = PBXFileReference; explicitFileType = wrapper.application; includeInIndex = 0; path = Fitness.app; sourceTree = BUILT_PRODUCTS_DIR; };
		8719093C290161D6001D383C /* FitnessApp.swift */ = {isa = PBXFileReference; lastKnownFileType = sourcecode.swift; path = FitnessApp.swift; sourceTree = "<group>"; };
		8719093E290161D6001D383C /* LandingView.swift */ = {isa = PBXFileReference; lastKnownFileType = sourcecode.swift; path = LandingView.swift; sourceTree = "<group>"; };
		87190940290161D7001D383C /* Assets.xcassets */ = {isa = PBXFileReference; lastKnownFileType = folder.assetcatalog; path = Assets.xcassets; sourceTree = "<group>"; };
		87190943290161D7001D383C /* Preview Assets.xcassets */ = {isa = PBXFileReference; lastKnownFileType = folder.assetcatalog; path = "Preview Assets.xcassets"; sourceTree = "<group>"; };
		87190945290161D7001D383C /* Persistence.swift */ = {isa = PBXFileReference; lastKnownFileType = sourcecode.swift; path = Persistence.swift; sourceTree = "<group>"; };
		87190948290161D7001D383C /* Fitness.xcdatamodel */ = {isa = PBXFileReference; lastKnownFileType = wrapper.xcdatamodel; path = Fitness.xcdatamodel; sourceTree = "<group>"; };
		8719094E290161D7001D383C /* FitnessTests.xctest */ = {isa = PBXFileReference; explicitFileType = wrapper.cfbundle; includeInIndex = 0; path = FitnessTests.xctest; sourceTree = BUILT_PRODUCTS_DIR; };
		87190952290161D7001D383C /* FitnessTests.swift */ = {isa = PBXFileReference; lastKnownFileType = sourcecode.swift; path = FitnessTests.swift; sourceTree = "<group>"; };
		87190958290161D7001D383C /* FitnessUITests.xctest */ = {isa = PBXFileReference; explicitFileType = wrapper.cfbundle; includeInIndex = 0; path = FitnessUITests.xctest; sourceTree = BUILT_PRODUCTS_DIR; };
		8719095C290161D7001D383C /* FitnessUITests.swift */ = {isa = PBXFileReference; lastKnownFileType = sourcecode.swift; path = FitnessUITests.swift; sourceTree = "<group>"; };
		8719095E290161D7001D383C /* FitnessUITestsLaunchTests.swift */ = {isa = PBXFileReference; lastKnownFileType = sourcecode.swift; path = FitnessUITestsLaunchTests.swift; sourceTree = "<group>"; };
		8719096D29016829001D383C /* PrimaryButtonStyle.swift */ = {isa = PBXFileReference; lastKnownFileType = sourcecode.swift; path = PrimaryButtonStyle.swift; sourceTree = "<group>"; };
		87190970290168F2001D383C /* Color+Extension.swift */ = {isa = PBXFileReference; lastKnownFileType = sourcecode.swift; path = "Color+Extension.swift"; sourceTree = "<group>"; };
		87190972290170CD001D383C /* CreateView.swift */ = {isa = PBXFileReference; lastKnownFileType = sourcecode.swift; path = CreateView.swift; sourceTree = "<group>"; };
		8719097529017153001D383C /* DropDownView.swift */ = {isa = PBXFileReference; lastKnownFileType = sourcecode.swift; path = DropDownView.swift; sourceTree = "<group>"; };
		8719097729017655001D383C /* RemindView.swift */ = {isa = PBXFileReference; lastKnownFileType = sourcecode.swift; path = RemindView.swift; sourceTree = "<group>"; };
		8719097B2901799E001D383C /* CreateChallengeViewModel.swift */ = {isa = PBXFileReference; lastKnownFileType = sourcecode.swift; path = CreateChallengeViewModel.swift; sourceTree = "<group>"; };
		8719097D29017A1F001D383C /* DropdownItemProtocol.swift */ = {isa = PBXFileReference; lastKnownFileType = sourcecode.swift; path = DropdownItemProtocol.swift; sourceTree = "<group>"; };
		8744268D2907D6940045CC3A /* Challenge.swift */ = {isa = PBXFileReference; lastKnownFileType = sourcecode.swift; path = Challenge.swift; sourceTree = "<group>"; };
		8744268F2907D76C0045CC3A /* ChallengeService.swift */ = {isa = PBXFileReference; lastKnownFileType = sourcecode.swift; path = ChallengeService.swift; sourceTree = "<group>"; };
		874426912907E4A40045CC3A /* FitnessError.swift */ = {isa = PBXFileReference; lastKnownFileType = sourcecode.swift; path = FitnessError.swift; sourceTree = "<group>"; };
		874426942907EBC50045CC3A /* AuthPublisher.swift */ = {isa = PBXFileReference; lastKnownFileType = sourcecode.swift; path = AuthPublisher.swift; sourceTree = "<group>"; };
		8755285629058DFE007129ED /* GoogleService-Info.plist */ = {isa = PBXFileReference; fileEncoding = 4; lastKnownFileType = text.plist.xml; path = "GoogleService-Info.plist"; sourceTree = "<group>"; };
		8755285929059669007129ED /* UserService.swift */ = {isa = PBXFileReference; lastKnownFileType = sourcecode.swift; path = UserService.swift; sourceTree = "<group>"; };
		877816F1290A679900AB4713 /* SettingsView.swift */ = {isa = PBXFileReference; lastKnownFileType = sourcecode.swift; path = SettingsView.swift; sourceTree = "<group>"; };
		877816F3290A67AB00AB4713 /* SettingsViewModel.swift */ = {isa = PBXFileReference; lastKnownFileType = sourcecode.swift; path = SettingsViewModel.swift; sourceTree = "<group>"; };
		877816F5290A686800AB4713 /* SettingsItemViewModel.swift */ = {isa = PBXFileReference; lastKnownFileType = sourcecode.swift; path = SettingsItemViewModel.swift; sourceTree = "<group>"; };
		877816F7290A82C800AB4713 /* LandingViewModel.swift */ = {isa = PBXFileReference; lastKnownFileType = sourcecode.swift; path = LandingViewModel.swift; sourceTree = "<group>"; };
		877816F9290A88FE00AB4713 /* LoginSignupView.swift */ = {isa = PBXFileReference; lastKnownFileType = sourcecode.swift; path = LoginSignupView.swift; sourceTree = "<group>"; };
		877816FB290A899700AB4713 /* LoginSignupViewModel.swift */ = {isa = PBXFileReference; lastKnownFileType = sourcecode.swift; path = LoginSignupViewModel.swift; sourceTree = "<group>"; };
		877816FD290A8D6A00AB4713 /* TextFieldCustomRoundedStyle.swift */ = {isa = PBXFileReference; lastKnownFileType = sourcecode.swift; path = TextFieldCustomRoundedStyle.swift; sourceTree = "<group>"; };
		87B591FA2908116300657CC7 /* TabContainerView.swift */ = {isa = PBXFileReference; lastKnownFileType = sourcecode.swift; path = TabContainerView.swift; sourceTree = "<group>"; };
		87DE6B772919124700C7B273 /* ProgressCircleView.swift */ = {isa = PBXFileReference; lastKnownFileType = sourcecode.swift; path = ProgressCircleView.swift; sourceTree = "<group>"; };
		87DE6B79291912E200C7B273 /* ProgressCircleViewModel.swift */ = {isa = PBXFileReference; lastKnownFileType = sourcecode.swift; path = ProgressCircleViewModel.swift; sourceTree = "<group>"; };
		A227DF2F86BF2CA6E969F271 /* Pods-Fitness-FitnessUITests.debug.xcconfig */ = {isa = PBXFileReference; includeInIndex = 1; lastKnownFileType = text.xcconfig; name = "Pods-Fitness-FitnessUITests.debug.xcconfig"; path = "Target Support Files/Pods-Fitness-FitnessUITests/Pods-Fitness-FitnessUITests.debug.xcconfig"; sourceTree = "<group>"; };
		C520B11C2AD59C11781B7F54 /* Pods-FitnessTests.debug.xcconfig */ = {isa = PBXFileReference; includeInIndex = 1; lastKnownFileType = text.xcconfig; name = "Pods-FitnessTests.debug.xcconfig"; path = "Target Support Files/Pods-FitnessTests/Pods-FitnessTests.debug.xcconfig"; sourceTree = "<group>"; };
		CEDF3998FF5EB7881D836B71 /* Pods-Fitness.debug.xcconfig */ = {isa = PBXFileReference; includeInIndex = 1; lastKnownFileType = text.xcconfig; name = "Pods-Fitness.debug.xcconfig"; path = "Target Support Files/Pods-Fitness/Pods-Fitness.debug.xcconfig"; sourceTree = "<group>"; };
		EC884FA21D97BE6F88E373B9 /* Pods-Fitness.release.xcconfig */ = {isa = PBXFileReference; includeInIndex = 1; lastKnownFileType = text.xcconfig; name = "Pods-Fitness.release.xcconfig"; path = "Target Support Files/Pods-Fitness/Pods-Fitness.release.xcconfig"; sourceTree = "<group>"; };
		F517E2359EC4A9CE7381F39C /* Pods-Fitness-FitnessUITests.release.xcconfig */ = {isa = PBXFileReference; includeInIndex = 1; lastKnownFileType = text.xcconfig; name = "Pods-Fitness-FitnessUITests.release.xcconfig"; path = "Target Support Files/Pods-Fitness-FitnessUITests/Pods-Fitness-FitnessUITests.release.xcconfig"; sourceTree = "<group>"; };
/* End PBXFileReference section */

/* Begin PBXFrameworksBuildPhase section */
		87190936290161D6001D383C /* Frameworks */ = {
			isa = PBXFrameworksBuildPhase;
			buildActionMask = 2147483647;
			files = (
				6E8AF60053CD21E3EA8B6786 /* Pods_Fitness.framework in Frameworks */,
			);
			runOnlyForDeploymentPostprocessing = 0;
		};
		8719094B290161D7001D383C /* Frameworks */ = {
			isa = PBXFrameworksBuildPhase;
			buildActionMask = 2147483647;
			files = (
				EFEE154B962B0DD4934696F5 /* Pods_FitnessTests.framework in Frameworks */,
			);
			runOnlyForDeploymentPostprocessing = 0;
		};
		87190955290161D7001D383C /* Frameworks */ = {
			isa = PBXFrameworksBuildPhase;
			buildActionMask = 2147483647;
			files = (
				8AB1BA36492D83723320E20E /* Pods_Fitness_FitnessUITests.framework in Frameworks */,
			);
			runOnlyForDeploymentPostprocessing = 0;
		};
/* End PBXFrameworksBuildPhase section */

/* Begin PBXGroup section */
		5D0D3FE9ED1F08E7F6B42915 /* Frameworks */ = {
			isa = PBXGroup;
			children = (
				484429938DC35AFE8E8689BF /* Pods_Fitness.framework */,
				27F5837D41F3D21BEC5CBC7B /* Pods_Fitness_FitnessUITests.framework */,
				7C67881B7D3E34EC3A219481 /* Pods_FitnessTests.framework */,
			);
			name = Frameworks;
			sourceTree = "<group>";
		};
		871444482909212D007EBBA2 /* Protocols */ = {
			isa = PBXGroup;
			children = (
				8719097D29017A1F001D383C /* DropdownItemProtocol.swift */,
			);
			path = Protocols;
			sourceTree = "<group>";
		};
		87190930290161D6001D383C = {
			isa = PBXGroup;
			children = (
				8719093B290161D6001D383C /* Fitness */,
				87190951290161D7001D383C /* FitnessTests */,
				8719095B290161D7001D383C /* FitnessUITests */,
				8719093A290161D6001D383C /* Products */,
				AECCA0009FCBAFE2541AEF2A /* Pods */,
				5D0D3FE9ED1F08E7F6B42915 /* Frameworks */,
			);
			sourceTree = "<group>";
		};
		8719093A290161D6001D383C /* Products */ = {
			isa = PBXGroup;
			children = (
				87190939290161D6001D383C /* Fitness.app */,
				8719094E290161D7001D383C /* FitnessTests.xctest */,
				87190958290161D7001D383C /* FitnessUITests.xctest */,
			);
			name = Products;
			sourceTree = "<group>";
		};
		8719093B290161D6001D383C /* Fitness */ = {
			isa = PBXGroup;
			children = (
				8719093C290161D6001D383C /* FitnessApp.swift */,
				8719097A29017985001D383C /* Models */,
				8719096B290167EC001D383C /* Views */,
				8719097929017963001D383C /* ViewModels */,
				874426932907EBA70045CC3A /* Publisher */,
				875528582905964C007129ED /* Services */,
				877816F0290A58E300AB4713 /* Errors */,
				8719096F290168D1001D383C /* Extensions */,
				8755285529058DFE007129ED /* Supporting Files */,
				87190940290161D7001D383C /* Assets.xcassets */,
				87190945290161D7001D383C /* Persistence.swift */,
				87190947290161D7001D383C /* Fitness.xcdatamodeld */,
				87190942290161D7001D383C /* Preview Content */,
			);
			path = Fitness;
			sourceTree = "<group>";
		};
		87190942290161D7001D383C /* Preview Content */ = {
			isa = PBXGroup;
			children = (
				87190943290161D7001D383C /* Preview Assets.xcassets */,
			);
			path = "Preview Content";
			sourceTree = "<group>";
		};
		87190951290161D7001D383C /* FitnessTests */ = {
			isa = PBXGroup;
			children = (
				87190952290161D7001D383C /* FitnessTests.swift */,
			);
			path = FitnessTests;
			sourceTree = "<group>";
		};
		8719095B290161D7001D383C /* FitnessUITests */ = {
			isa = PBXGroup;
			children = (
				8719095C290161D7001D383C /* FitnessUITests.swift */,
				8719095E290161D7001D383C /* FitnessUITestsLaunchTests.swift */,
			);
			path = FitnessUITests;
			sourceTree = "<group>";
		};
		8719096B290167EC001D383C /* Views */ = {
			isa = PBXGroup;
			children = (
				8719097429017137001D383C /* Custom Styles */,
				8719096C29016808001D383C /* Custom Components */,
				8719093E290161D6001D383C /* LandingView.swift */,
				87190972290170CD001D383C /* CreateView.swift */,
				8719097729017655001D383C /* RemindView.swift */,
				87144440290909AE007EBBA2 /* ChallengeListView.swift */,
				87B591FA2908116300657CC7 /* TabContainerView.swift */,
				877816F1290A679900AB4713 /* SettingsView.swift */,
				877816F9290A88FE00AB4713 /* LoginSignupView.swift */,
			);
			path = Views;
			sourceTree = "<group>";
		};
		8719096C29016808001D383C /* Custom Components */ = {
			isa = PBXGroup;
			children = (
				8719097529017153001D383C /* DropDownView.swift */,
				87DE6B772919124700C7B273 /* ProgressCircleView.swift */,
			);
			path = "Custom Components";
			sourceTree = "<group>";
		};
		8719096F290168D1001D383C /* Extensions */ = {
			isa = PBXGroup;
			children = (
				87190970290168F2001D383C /* Color+Extension.swift */,
			);
			path = Extensions;
			sourceTree = "<group>";
		};
		8719097429017137001D383C /* Custom Styles */ = {
			isa = PBXGroup;
			children = (
				8719096D29016829001D383C /* PrimaryButtonStyle.swift */,
				877816FD290A8D6A00AB4713 /* TextFieldCustomRoundedStyle.swift */,
			);
			path = "Custom Styles";
			sourceTree = "<group>";
		};
		8719097929017963001D383C /* ViewModels */ = {
			isa = PBXGroup;
			children = (
				871444482909212D007EBBA2 /* Protocols */,
				8719097B2901799E001D383C /* CreateChallengeViewModel.swift */,
				87144442290909C1007EBBA2 /* ChallengeListViewModel.swift */,
				8714444629092123007EBBA2 /* ChallengeItemViewModel.swift */,
				877816F3290A67AB00AB4713 /* SettingsViewModel.swift */,
				877816F5290A686800AB4713 /* SettingsItemViewModel.swift */,
				877816F7290A82C800AB4713 /* LandingViewModel.swift */,
				877816FB290A899700AB4713 /* LoginSignupViewModel.swift */,
				87DE6B79291912E200C7B273 /* ProgressCircleViewModel.swift */,
			);
			path = ViewModels;
			sourceTree = "<group>";
		};
		8719097A29017985001D383C /* Models */ = {
			isa = PBXGroup;
			children = (
				8744268D2907D6940045CC3A /* Challenge.swift */,
			);
			path = Models;
			sourceTree = "<group>";
		};
		874426932907EBA70045CC3A /* Publisher */ = {
			isa = PBXGroup;
			children = (
				874426942907EBC50045CC3A /* AuthPublisher.swift */,
				87144444290912C2007EBBA2 /* QuerySnapshotPublisher.swift */,
			);
			path = Publisher;
			sourceTree = "<group>";
		};
		8755285529058DFE007129ED /* Supporting Files */ = {
			isa = PBXGroup;
			children = (
				8755285629058DFE007129ED /* GoogleService-Info.plist */,
			);
			path = "Supporting Files";
			sourceTree = "<group>";
		};
		875528582905964C007129ED /* Services */ = {
			isa = PBXGroup;
			children = (
				8755285929059669007129ED /* UserService.swift */,
				8744268F2907D76C0045CC3A /* ChallengeService.swift */,
			);
			path = Services;
			sourceTree = "<group>";
		};
		877816F0290A58E300AB4713 /* Errors */ = {
			isa = PBXGroup;
			children = (
				874426912907E4A40045CC3A /* FitnessError.swift */,
			);
			path = Errors;
			sourceTree = "<group>";
		};
		AECCA0009FCBAFE2541AEF2A /* Pods */ = {
			isa = PBXGroup;
			children = (
				CEDF3998FF5EB7881D836B71 /* Pods-Fitness.debug.xcconfig */,
				EC884FA21D97BE6F88E373B9 /* Pods-Fitness.release.xcconfig */,
				A227DF2F86BF2CA6E969F271 /* Pods-Fitness-FitnessUITests.debug.xcconfig */,
				F517E2359EC4A9CE7381F39C /* Pods-Fitness-FitnessUITests.release.xcconfig */,
				C520B11C2AD59C11781B7F54 /* Pods-FitnessTests.debug.xcconfig */,
				2EDD8E6A98BA9C48D9851DE9 /* Pods-FitnessTests.release.xcconfig */,
			);
			path = Pods;
			sourceTree = "<group>";
		};
/* End PBXGroup section */

/* Begin PBXNativeTarget section */
		87190938290161D6001D383C /* Fitness */ = {
			isa = PBXNativeTarget;
			buildConfigurationList = 87190962290161D7001D383C /* Build configuration list for PBXNativeTarget "Fitness" */;
			buildPhases = (
				1CDB8C5E3F5E6BEB7CB5975B /* [CP] Check Pods Manifest.lock */,
				87190935290161D6001D383C /* Sources */,
				87190936290161D6001D383C /* Frameworks */,
				87190937290161D6001D383C /* Resources */,
				A4373E4A8C0ACF21FA3A285A /* [CP] Embed Pods Frameworks */,
			);
			buildRules = (
			);
			dependencies = (
			);
			name = Fitness;
			productName = Fitness;
			productReference = 87190939290161D6001D383C /* Fitness.app */;
			productType = "com.apple.product-type.application";
		};
		8719094D290161D7001D383C /* FitnessTests */ = {
			isa = PBXNativeTarget;
			buildConfigurationList = 87190965290161D7001D383C /* Build configuration list for PBXNativeTarget "FitnessTests" */;
			buildPhases = (
				4060EABC89ECCFA1E4453C1B /* [CP] Check Pods Manifest.lock */,
				8719094A290161D7001D383C /* Sources */,
				8719094B290161D7001D383C /* Frameworks */,
				8719094C290161D7001D383C /* Resources */,
			);
			buildRules = (
			);
			dependencies = (
				87190950290161D7001D383C /* PBXTargetDependency */,
			);
			name = FitnessTests;
			productName = FitnessTests;
			productReference = 8719094E290161D7001D383C /* FitnessTests.xctest */;
			productType = "com.apple.product-type.bundle.unit-test";
		};
		87190957290161D7001D383C /* FitnessUITests */ = {
			isa = PBXNativeTarget;
			buildConfigurationList = 87190968290161D7001D383C /* Build configuration list for PBXNativeTarget "FitnessUITests" */;
			buildPhases = (
				B33E4902E1F9A38D9C9EA5C5 /* [CP] Check Pods Manifest.lock */,
				87190954290161D7001D383C /* Sources */,
				87190955290161D7001D383C /* Frameworks */,
				87190956290161D7001D383C /* Resources */,
				0073AFBDAD821A183DF9A2A7 /* [CP] Embed Pods Frameworks */,
			);
			buildRules = (
			);
			dependencies = (
				8719095A290161D7001D383C /* PBXTargetDependency */,
			);
			name = FitnessUITests;
			productName = FitnessUITests;
			productReference = 87190958290161D7001D383C /* FitnessUITests.xctest */;
			productType = "com.apple.product-type.bundle.ui-testing";
		};
/* End PBXNativeTarget section */

/* Begin PBXProject section */
		87190931290161D6001D383C /* Project object */ = {
			isa = PBXProject;
			attributes = {
				BuildIndependentTargetsInParallel = 1;
				LastSwiftUpdateCheck = 1340;
				LastUpgradeCheck = 1340;
				TargetAttributes = {
					87190938290161D6001D383C = {
						CreatedOnToolsVersion = 13.4;
					};
					8719094D290161D7001D383C = {
						CreatedOnToolsVersion = 13.4;
						TestTargetID = 87190938290161D6001D383C;
					};
					87190957290161D7001D383C = {
						CreatedOnToolsVersion = 13.4;
						TestTargetID = 87190938290161D6001D383C;
					};
				};
			};
			buildConfigurationList = 87190934290161D6001D383C /* Build configuration list for PBXProject "Fitness" */;
			compatibilityVersion = "Xcode 13.0";
			developmentRegion = en;
			hasScannedForEncodings = 0;
			knownRegions = (
				en,
				Base,
			);
			mainGroup = 87190930290161D6001D383C;
			productRefGroup = 8719093A290161D6001D383C /* Products */;
			projectDirPath = "";
			projectRoot = "";
			targets = (
				87190938290161D6001D383C /* Fitness */,
				8719094D290161D7001D383C /* FitnessTests */,
				87190957290161D7001D383C /* FitnessUITests */,
			);
		};
/* End PBXProject section */

/* Begin PBXResourcesBuildPhase section */
		87190937290161D6001D383C /* Resources */ = {
			isa = PBXResourcesBuildPhase;
			buildActionMask = 2147483647;
			files = (
				87190944290161D7001D383C /* Preview Assets.xcassets in Resources */,
				87190941290161D7001D383C /* Assets.xcassets in Resources */,
				8755285729058DFE007129ED /* GoogleService-Info.plist in Resources */,
			);
			runOnlyForDeploymentPostprocessing = 0;
		};
		8719094C290161D7001D383C /* Resources */ = {
			isa = PBXResourcesBuildPhase;
			buildActionMask = 2147483647;
			files = (
			);
			runOnlyForDeploymentPostprocessing = 0;
		};
		87190956290161D7001D383C /* Resources */ = {
			isa = PBXResourcesBuildPhase;
			buildActionMask = 2147483647;
			files = (
			);
			runOnlyForDeploymentPostprocessing = 0;
		};
/* End PBXResourcesBuildPhase section */

/* Begin PBXShellScriptBuildPhase section */
		0073AFBDAD821A183DF9A2A7 /* [CP] Embed Pods Frameworks */ = {
			isa = PBXShellScriptBuildPhase;
			buildActionMask = 2147483647;
			files = (
			);
			inputFileListPaths = (
				"${PODS_ROOT}/Target Support Files/Pods-Fitness-FitnessUITests/Pods-Fitness-FitnessUITests-frameworks-${CONFIGURATION}-input-files.xcfilelist",
			);
			name = "[CP] Embed Pods Frameworks";
			outputFileListPaths = (
				"${PODS_ROOT}/Target Support Files/Pods-Fitness-FitnessUITests/Pods-Fitness-FitnessUITests-frameworks-${CONFIGURATION}-output-files.xcfilelist",
			);
			runOnlyForDeploymentPostprocessing = 0;
			shellPath = /bin/sh;
			shellScript = "\"${PODS_ROOT}/Target Support Files/Pods-Fitness-FitnessUITests/Pods-Fitness-FitnessUITests-frameworks.sh\"\n";
			showEnvVarsInLog = 0;
		};
		1CDB8C5E3F5E6BEB7CB5975B /* [CP] Check Pods Manifest.lock */ = {
			isa = PBXShellScriptBuildPhase;
			buildActionMask = 2147483647;
			files = (
			);
			inputFileListPaths = (
			);
			inputPaths = (
				"${PODS_PODFILE_DIR_PATH}/Podfile.lock",
				"${PODS_ROOT}/Manifest.lock",
			);
			name = "[CP] Check Pods Manifest.lock";
			outputFileListPaths = (
			);
			outputPaths = (
				"$(DERIVED_FILE_DIR)/Pods-Fitness-checkManifestLockResult.txt",
			);
			runOnlyForDeploymentPostprocessing = 0;
			shellPath = /bin/sh;
			shellScript = "diff \"${PODS_PODFILE_DIR_PATH}/Podfile.lock\" \"${PODS_ROOT}/Manifest.lock\" > /dev/null\nif [ $? != 0 ] ; then\n    # print error to STDERR\n    echo \"error: The sandbox is not in sync with the Podfile.lock. Run 'pod install' or update your CocoaPods installation.\" >&2\n    exit 1\nfi\n# This output is used by Xcode 'outputs' to avoid re-running this script phase.\necho \"SUCCESS\" > \"${SCRIPT_OUTPUT_FILE_0}\"\n";
			showEnvVarsInLog = 0;
		};
		4060EABC89ECCFA1E4453C1B /* [CP] Check Pods Manifest.lock */ = {
			isa = PBXShellScriptBuildPhase;
			buildActionMask = 2147483647;
			files = (
			);
			inputFileListPaths = (
			);
			inputPaths = (
				"${PODS_PODFILE_DIR_PATH}/Podfile.lock",
				"${PODS_ROOT}/Manifest.lock",
			);
			name = "[CP] Check Pods Manifest.lock";
			outputFileListPaths = (
			);
			outputPaths = (
				"$(DERIVED_FILE_DIR)/Pods-FitnessTests-checkManifestLockResult.txt",
			);
			runOnlyForDeploymentPostprocessing = 0;
			shellPath = /bin/sh;
			shellScript = "diff \"${PODS_PODFILE_DIR_PATH}/Podfile.lock\" \"${PODS_ROOT}/Manifest.lock\" > /dev/null\nif [ $? != 0 ] ; then\n    # print error to STDERR\n    echo \"error: The sandbox is not in sync with the Podfile.lock. Run 'pod install' or update your CocoaPods installation.\" >&2\n    exit 1\nfi\n# This output is used by Xcode 'outputs' to avoid re-running this script phase.\necho \"SUCCESS\" > \"${SCRIPT_OUTPUT_FILE_0}\"\n";
			showEnvVarsInLog = 0;
		};
		A4373E4A8C0ACF21FA3A285A /* [CP] Embed Pods Frameworks */ = {
			isa = PBXShellScriptBuildPhase;
			buildActionMask = 2147483647;
			files = (
			);
			inputFileListPaths = (
				"${PODS_ROOT}/Target Support Files/Pods-Fitness/Pods-Fitness-frameworks-${CONFIGURATION}-input-files.xcfilelist",
			);
			name = "[CP] Embed Pods Frameworks";
			outputFileListPaths = (
				"${PODS_ROOT}/Target Support Files/Pods-Fitness/Pods-Fitness-frameworks-${CONFIGURATION}-output-files.xcfilelist",
			);
			runOnlyForDeploymentPostprocessing = 0;
			shellPath = /bin/sh;
			shellScript = "\"${PODS_ROOT}/Target Support Files/Pods-Fitness/Pods-Fitness-frameworks.sh\"\n";
			showEnvVarsInLog = 0;
		};
		B33E4902E1F9A38D9C9EA5C5 /* [CP] Check Pods Manifest.lock */ = {
			isa = PBXShellScriptBuildPhase;
			buildActionMask = 2147483647;
			files = (
			);
			inputFileListPaths = (
			);
			inputPaths = (
				"${PODS_PODFILE_DIR_PATH}/Podfile.lock",
				"${PODS_ROOT}/Manifest.lock",
			);
			name = "[CP] Check Pods Manifest.lock";
			outputFileListPaths = (
			);
			outputPaths = (
				"$(DERIVED_FILE_DIR)/Pods-Fitness-FitnessUITests-checkManifestLockResult.txt",
			);
			runOnlyForDeploymentPostprocessing = 0;
			shellPath = /bin/sh;
			shellScript = "diff \"${PODS_PODFILE_DIR_PATH}/Podfile.lock\" \"${PODS_ROOT}/Manifest.lock\" > /dev/null\nif [ $? != 0 ] ; then\n    # print error to STDERR\n    echo \"error: The sandbox is not in sync with the Podfile.lock. Run 'pod install' or update your CocoaPods installation.\" >&2\n    exit 1\nfi\n# This output is used by Xcode 'outputs' to avoid re-running this script phase.\necho \"SUCCESS\" > \"${SCRIPT_OUTPUT_FILE_0}\"\n";
			showEnvVarsInLog = 0;
		};
/* End PBXShellScriptBuildPhase section */

/* Begin PBXSourcesBuildPhase section */
		87190935290161D6001D383C /* Sources */ = {
			isa = PBXSourcesBuildPhase;
			buildActionMask = 2147483647;
			files = (
				877816FC290A899700AB4713 /* LoginSignupViewModel.swift in Sources */,
				8714444729092123007EBBA2 /* ChallengeItemViewModel.swift in Sources */,
				877816F4290A67AB00AB4713 /* SettingsViewModel.swift in Sources */,
				877816F6290A686800AB4713 /* SettingsItemViewModel.swift in Sources */,
				87190949290161D7001D383C /* Fitness.xcdatamodeld in Sources */,
				8744268E2907D6940045CC3A /* Challenge.swift in Sources */,
				87DE6B782919124700C7B273 /* ProgressCircleView.swift in Sources */,
				87190971290168F2001D383C /* Color+Extension.swift in Sources */,
				87144443290909C1007EBBA2 /* ChallengeListViewModel.swift in Sources */,
				874426902907D76C0045CC3A /* ChallengeService.swift in Sources */,
				8719096E29016829001D383C /* PrimaryButtonStyle.swift in Sources */,
				87190946290161D7001D383C /* Persistence.swift in Sources */,
				87144445290912C2007EBBA2 /* QuerySnapshotPublisher.swift in Sources */,
				877816F8290A82C800AB4713 /* LandingViewModel.swift in Sources */,
				877816FE290A8D6A00AB4713 /* TextFieldCustomRoundedStyle.swift in Sources */,
				877816FA290A88FE00AB4713 /* LoginSignupView.swift in Sources */,
				8719097E29017A1F001D383C /* DropdownItemProtocol.swift in Sources */,
				87DE6B7A291912E200C7B273 /* ProgressCircleViewModel.swift in Sources */,
				8719097C2901799E001D383C /* CreateChallengeViewModel.swift in Sources */,
				87B591FB2908116300657CC7 /* TabContainerView.swift in Sources */,
				8719097829017655001D383C /* RemindView.swift in Sources */,
				87190973290170CD001D383C /* CreateView.swift in Sources */,
				8755285A29059669007129ED /* UserService.swift in Sources */,
				87144441290909AE007EBBA2 /* ChallengeListView.swift in Sources */,
				8719097629017153001D383C /* DropDownView.swift in Sources */,
				8719093F290161D6001D383C /* LandingView.swift in Sources */,
				8719093D290161D6001D383C /* FitnessApp.swift in Sources */,
				874426952907EBC50045CC3A /* AuthPublisher.swift in Sources */,
				874426922907E4A40045CC3A /* FitnessError.swift in Sources */,
				877816F2290A679900AB4713 /* SettingsView.swift in Sources */,
			);
			runOnlyForDeploymentPostprocessing = 0;
		};
		8719094A290161D7001D383C /* Sources */ = {
			isa = PBXSourcesBuildPhase;
			buildActionMask = 2147483647;
			files = (
				87190953290161D7001D383C /* FitnessTests.swift in Sources */,
			);
			runOnlyForDeploymentPostprocessing = 0;
		};
		87190954290161D7001D383C /* Sources */ = {
			isa = PBXSourcesBuildPhase;
			buildActionMask = 2147483647;
			files = (
				8719095D290161D7001D383C /* FitnessUITests.swift in Sources */,
				8719095F290161D7001D383C /* FitnessUITestsLaunchTests.swift in Sources */,
			);
			runOnlyForDeploymentPostprocessing = 0;
		};
/* End PBXSourcesBuildPhase section */

/* Begin PBXTargetDependency section */
		87190950290161D7001D383C /* PBXTargetDependency */ = {
			isa = PBXTargetDependency;
			target = 87190938290161D6001D383C /* Fitness */;
			targetProxy = 8719094F290161D7001D383C /* PBXContainerItemProxy */;
		};
		8719095A290161D7001D383C /* PBXTargetDependency */ = {
			isa = PBXTargetDependency;
			target = 87190938290161D6001D383C /* Fitness */;
			targetProxy = 87190959290161D7001D383C /* PBXContainerItemProxy */;
		};
/* End PBXTargetDependency section */

/* Begin XCBuildConfiguration section */
		87190960290161D7001D383C /* Debug */ = {
			isa = XCBuildConfiguration;
			buildSettings = {
				ALWAYS_SEARCH_USER_PATHS = NO;
				CLANG_ANALYZER_NONNULL = YES;
				CLANG_ANALYZER_NUMBER_OBJECT_CONVERSION = YES_AGGRESSIVE;
				CLANG_CXX_LANGUAGE_STANDARD = "gnu++17";
				CLANG_ENABLE_MODULES = YES;
				CLANG_ENABLE_OBJC_ARC = YES;
				CLANG_ENABLE_OBJC_WEAK = YES;
				CLANG_WARN_BLOCK_CAPTURE_AUTORELEASING = YES;
				CLANG_WARN_BOOL_CONVERSION = YES;
				CLANG_WARN_COMMA = YES;
				CLANG_WARN_CONSTANT_CONVERSION = YES;
				CLANG_WARN_DEPRECATED_OBJC_IMPLEMENTATIONS = YES;
				CLANG_WARN_DIRECT_OBJC_ISA_USAGE = YES_ERROR;
				CLANG_WARN_DOCUMENTATION_COMMENTS = YES;
				CLANG_WARN_EMPTY_BODY = YES;
				CLANG_WARN_ENUM_CONVERSION = YES;
				CLANG_WARN_INFINITE_RECURSION = YES;
				CLANG_WARN_INT_CONVERSION = YES;
				CLANG_WARN_NON_LITERAL_NULL_CONVERSION = YES;
				CLANG_WARN_OBJC_IMPLICIT_RETAIN_SELF = YES;
				CLANG_WARN_OBJC_LITERAL_CONVERSION = YES;
				CLANG_WARN_OBJC_ROOT_CLASS = YES_ERROR;
				CLANG_WARN_QUOTED_INCLUDE_IN_FRAMEWORK_HEADER = YES;
				CLANG_WARN_RANGE_LOOP_ANALYSIS = YES;
				CLANG_WARN_STRICT_PROTOTYPES = YES;
				CLANG_WARN_SUSPICIOUS_MOVE = YES;
				CLANG_WARN_UNGUARDED_AVAILABILITY = YES_AGGRESSIVE;
				CLANG_WARN_UNREACHABLE_CODE = YES;
				CLANG_WARN__DUPLICATE_METHOD_MATCH = YES;
				COPY_PHASE_STRIP = NO;
				DEBUG_INFORMATION_FORMAT = dwarf;
				ENABLE_STRICT_OBJC_MSGSEND = YES;
				ENABLE_TESTABILITY = YES;
				GCC_C_LANGUAGE_STANDARD = gnu11;
				GCC_DYNAMIC_NO_PIC = NO;
				GCC_NO_COMMON_BLOCKS = YES;
				GCC_OPTIMIZATION_LEVEL = 0;
				GCC_PREPROCESSOR_DEFINITIONS = (
					"DEBUG=1",
					"$(inherited)",
				);
				GCC_WARN_64_TO_32_BIT_CONVERSION = YES;
				GCC_WARN_ABOUT_RETURN_TYPE = YES_ERROR;
				GCC_WARN_UNDECLARED_SELECTOR = YES;
				GCC_WARN_UNINITIALIZED_AUTOS = YES_AGGRESSIVE;
				GCC_WARN_UNUSED_FUNCTION = YES;
				GCC_WARN_UNUSED_VARIABLE = YES;
				IPHONEOS_DEPLOYMENT_TARGET = 15.5;
				MTL_ENABLE_DEBUG_INFO = INCLUDE_SOURCE;
				MTL_FAST_MATH = YES;
				ONLY_ACTIVE_ARCH = YES;
				SDKROOT = iphoneos;
				SWIFT_ACTIVE_COMPILATION_CONDITIONS = DEBUG;
				SWIFT_OPTIMIZATION_LEVEL = "-Onone";
			};
			name = Debug;
		};
		87190961290161D7001D383C /* Release */ = {
			isa = XCBuildConfiguration;
			buildSettings = {
				ALWAYS_SEARCH_USER_PATHS = NO;
				CLANG_ANALYZER_NONNULL = YES;
				CLANG_ANALYZER_NUMBER_OBJECT_CONVERSION = YES_AGGRESSIVE;
				CLANG_CXX_LANGUAGE_STANDARD = "gnu++17";
				CLANG_ENABLE_MODULES = YES;
				CLANG_ENABLE_OBJC_ARC = YES;
				CLANG_ENABLE_OBJC_WEAK = YES;
				CLANG_WARN_BLOCK_CAPTURE_AUTORELEASING = YES;
				CLANG_WARN_BOOL_CONVERSION = YES;
				CLANG_WARN_COMMA = YES;
				CLANG_WARN_CONSTANT_CONVERSION = YES;
				CLANG_WARN_DEPRECATED_OBJC_IMPLEMENTATIONS = YES;
				CLANG_WARN_DIRECT_OBJC_ISA_USAGE = YES_ERROR;
				CLANG_WARN_DOCUMENTATION_COMMENTS = YES;
				CLANG_WARN_EMPTY_BODY = YES;
				CLANG_WARN_ENUM_CONVERSION = YES;
				CLANG_WARN_INFINITE_RECURSION = YES;
				CLANG_WARN_INT_CONVERSION = YES;
				CLANG_WARN_NON_LITERAL_NULL_CONVERSION = YES;
				CLANG_WARN_OBJC_IMPLICIT_RETAIN_SELF = YES;
				CLANG_WARN_OBJC_LITERAL_CONVERSION = YES;
				CLANG_WARN_OBJC_ROOT_CLASS = YES_ERROR;
				CLANG_WARN_QUOTED_INCLUDE_IN_FRAMEWORK_HEADER = YES;
				CLANG_WARN_RANGE_LOOP_ANALYSIS = YES;
				CLANG_WARN_STRICT_PROTOTYPES = YES;
				CLANG_WARN_SUSPICIOUS_MOVE = YES;
				CLANG_WARN_UNGUARDED_AVAILABILITY = YES_AGGRESSIVE;
				CLANG_WARN_UNREACHABLE_CODE = YES;
				CLANG_WARN__DUPLICATE_METHOD_MATCH = YES;
				COPY_PHASE_STRIP = NO;
				DEBUG_INFORMATION_FORMAT = "dwarf-with-dsym";
				ENABLE_NS_ASSERTIONS = NO;
				ENABLE_STRICT_OBJC_MSGSEND = YES;
				GCC_C_LANGUAGE_STANDARD = gnu11;
				GCC_NO_COMMON_BLOCKS = YES;
				GCC_WARN_64_TO_32_BIT_CONVERSION = YES;
				GCC_WARN_ABOUT_RETURN_TYPE = YES_ERROR;
				GCC_WARN_UNDECLARED_SELECTOR = YES;
				GCC_WARN_UNINITIALIZED_AUTOS = YES_AGGRESSIVE;
				GCC_WARN_UNUSED_FUNCTION = YES;
				GCC_WARN_UNUSED_VARIABLE = YES;
				IPHONEOS_DEPLOYMENT_TARGET = 15.5;
				MTL_ENABLE_DEBUG_INFO = NO;
				MTL_FAST_MATH = YES;
				SDKROOT = iphoneos;
				SWIFT_COMPILATION_MODE = wholemodule;
				SWIFT_OPTIMIZATION_LEVEL = "-O";
				VALIDATE_PRODUCT = YES;
			};
			name = Release;
		};
		87190963290161D7001D383C /* Debug */ = {
			isa = XCBuildConfiguration;
			baseConfigurationReference = CEDF3998FF5EB7881D836B71 /* Pods-Fitness.debug.xcconfig */;
			buildSettings = {
				ASSETCATALOG_COMPILER_APPICON_NAME = AppIcon;
				ASSETCATALOG_COMPILER_GLOBAL_ACCENT_COLOR_NAME = AccentColor;
				CODE_SIGN_STYLE = Automatic;
				CURRENT_PROJECT_VERSION = 1;
				DEVELOPMENT_ASSET_PATHS = "\"Fitness/Preview Content\"";
				DEVELOPMENT_TEAM = DDUKN86LGP;
				ENABLE_PREVIEWS = YES;
				EXCLUDED_ARCHS = "";
				GENERATE_INFOPLIST_FILE = YES;
				INFOPLIST_KEY_UIApplicationSceneManifest_Generation = YES;
				INFOPLIST_KEY_UIApplicationSupportsIndirectInputEvents = YES;
				INFOPLIST_KEY_UILaunchScreen_Generation = YES;
				INFOPLIST_KEY_UISupportedInterfaceOrientations_iPad = "UIInterfaceOrientationPortrait UIInterfaceOrientationPortraitUpsideDown UIInterfaceOrientationLandscapeLeft UIInterfaceOrientationLandscapeRight";
				INFOPLIST_KEY_UISupportedInterfaceOrientations_iPhone = "UIInterfaceOrientationPortrait UIInterfaceOrientationLandscapeLeft UIInterfaceOrientationLandscapeRight";
				LD_RUNPATH_SEARCH_PATHS = (
					"$(inherited)",
					"@executable_path/Frameworks",
				);
				MARKETING_VERSION = 1.0;
				PRODUCT_BUNDLE_IDENTIFIER = test.nemes1s.Fitness;
				PRODUCT_NAME = "$(TARGET_NAME)";
				SWIFT_EMIT_LOC_STRINGS = YES;
				SWIFT_VERSION = 5.0;
				TARGETED_DEVICE_FAMILY = "1,2";
			};
			name = Debug;
		};
		87190964290161D7001D383C /* Release */ = {
			isa = XCBuildConfiguration;
			baseConfigurationReference = EC884FA21D97BE6F88E373B9 /* Pods-Fitness.release.xcconfig */;
			buildSettings = {
				ASSETCATALOG_COMPILER_APPICON_NAME = AppIcon;
				ASSETCATALOG_COMPILER_GLOBAL_ACCENT_COLOR_NAME = AccentColor;
				CODE_SIGN_STYLE = Automatic;
				CURRENT_PROJECT_VERSION = 1;
				DEVELOPMENT_ASSET_PATHS = "\"Fitness/Preview Content\"";
				DEVELOPMENT_TEAM = DDUKN86LGP;
				ENABLE_PREVIEWS = YES;
				GENERATE_INFOPLIST_FILE = YES;
				INFOPLIST_KEY_UIApplicationSceneManifest_Generation = YES;
				INFOPLIST_KEY_UIApplicationSupportsIndirectInputEvents = YES;
				INFOPLIST_KEY_UILaunchScreen_Generation = YES;
				INFOPLIST_KEY_UISupportedInterfaceOrientations_iPad = "UIInterfaceOrientationPortrait UIInterfaceOrientationPortraitUpsideDown UIInterfaceOrientationLandscapeLeft UIInterfaceOrientationLandscapeRight";
				INFOPLIST_KEY_UISupportedInterfaceOrientations_iPhone = "UIInterfaceOrientationPortrait UIInterfaceOrientationLandscapeLeft UIInterfaceOrientationLandscapeRight";
				LD_RUNPATH_SEARCH_PATHS = (
					"$(inherited)",
					"@executable_path/Frameworks",
				);
				MARKETING_VERSION = 1.0;
				PRODUCT_BUNDLE_IDENTIFIER = test.nemes1s.Fitness;
				PRODUCT_NAME = "$(TARGET_NAME)";
				SWIFT_EMIT_LOC_STRINGS = YES;
				SWIFT_VERSION = 5.0;
				TARGETED_DEVICE_FAMILY = "1,2";
			};
			name = Release;
		};
		87190966290161D7001D383C /* Debug */ = {
			isa = XCBuildConfiguration;
			baseConfigurationReference = C520B11C2AD59C11781B7F54 /* Pods-FitnessTests.debug.xcconfig */;
			buildSettings = {
				ALWAYS_EMBED_SWIFT_STANDARD_LIBRARIES = YES;
				BUNDLE_LOADER = "$(TEST_HOST)";
				CODE_SIGN_STYLE = Automatic;
				CURRENT_PROJECT_VERSION = 1;
				DEVELOPMENT_TEAM = DDUKN86LGP;
				GENERATE_INFOPLIST_FILE = YES;
				IPHONEOS_DEPLOYMENT_TARGET = 15.5;
				MARKETING_VERSION = 1.0;
				PRODUCT_BUNDLE_IDENTIFIER = test.nemes1s.FitnessTests;
				PRODUCT_NAME = "$(TARGET_NAME)";
				SWIFT_EMIT_LOC_STRINGS = NO;
				SWIFT_VERSION = 5.0;
				TARGETED_DEVICE_FAMILY = "1,2";
				TEST_HOST = "$(BUILT_PRODUCTS_DIR)/Fitness.app/Fitness";
			};
			name = Debug;
		};
		87190967290161D7001D383C /* Release */ = {
			isa = XCBuildConfiguration;
			baseConfigurationReference = 2EDD8E6A98BA9C48D9851DE9 /* Pods-FitnessTests.release.xcconfig */;
			buildSettings = {
				ALWAYS_EMBED_SWIFT_STANDARD_LIBRARIES = YES;
				BUNDLE_LOADER = "$(TEST_HOST)";
				CODE_SIGN_STYLE = Automatic;
				CURRENT_PROJECT_VERSION = 1;
				DEVELOPMENT_TEAM = DDUKN86LGP;
				GENERATE_INFOPLIST_FILE = YES;
				IPHONEOS_DEPLOYMENT_TARGET = 15.5;
				MARKETING_VERSION = 1.0;
				PRODUCT_BUNDLE_IDENTIFIER = test.nemes1s.FitnessTests;
				PRODUCT_NAME = "$(TARGET_NAME)";
				SWIFT_EMIT_LOC_STRINGS = NO;
				SWIFT_VERSION = 5.0;
				TARGETED_DEVICE_FAMILY = "1,2";
				TEST_HOST = "$(BUILT_PRODUCTS_DIR)/Fitness.app/Fitness";
			};
			name = Release;
		};
		87190969290161D7001D383C /* Debug */ = {
			isa = XCBuildConfiguration;
			baseConfigurationReference = A227DF2F86BF2CA6E969F271 /* Pods-Fitness-FitnessUITests.debug.xcconfig */;
			buildSettings = {
				ALWAYS_EMBED_SWIFT_STANDARD_LIBRARIES = YES;
				CODE_SIGN_STYLE = Automatic;
				CURRENT_PROJECT_VERSION = 1;
				DEVELOPMENT_TEAM = DDUKN86LGP;
				GENERATE_INFOPLIST_FILE = YES;
				MARKETING_VERSION = 1.0;
				PRODUCT_BUNDLE_IDENTIFIER = test.nemes1s.FitnessUITests;
				PRODUCT_NAME = "$(TARGET_NAME)";
				SWIFT_EMIT_LOC_STRINGS = NO;
				SWIFT_VERSION = 5.0;
				TARGETED_DEVICE_FAMILY = "1,2";
				TEST_TARGET_NAME = Fitness;
			};
			name = Debug;
		};
		8719096A290161D7001D383C /* Release */ = {
			isa = XCBuildConfiguration;
			baseConfigurationReference = F517E2359EC4A9CE7381F39C /* Pods-Fitness-FitnessUITests.release.xcconfig */;
			buildSettings = {
				ALWAYS_EMBED_SWIFT_STANDARD_LIBRARIES = YES;
				CODE_SIGN_STYLE = Automatic;
				CURRENT_PROJECT_VERSION = 1;
				DEVELOPMENT_TEAM = DDUKN86LGP;
				GENERATE_INFOPLIST_FILE = YES;
				MARKETING_VERSION = 1.0;
				PRODUCT_BUNDLE_IDENTIFIER = test.nemes1s.FitnessUITests;
				PRODUCT_NAME = "$(TARGET_NAME)";
				SWIFT_EMIT_LOC_STRINGS = NO;
				SWIFT_VERSION = 5.0;
				TARGETED_DEVICE_FAMILY = "1,2";
				TEST_TARGET_NAME = Fitness;
			};
			name = Release;
		};
/* End XCBuildConfiguration section */

/* Begin XCConfigurationList section */
		87190934290161D6001D383C /* Build configuration list for PBXProject "Fitness" */ = {
			isa = XCConfigurationList;
			buildConfigurations = (
				87190960290161D7001D383C /* Debug */,
				87190961290161D7001D383C /* Release */,
			);
			defaultConfigurationIsVisible = 0;
			defaultConfigurationName = Release;
		};
		87190962290161D7001D383C /* Build configuration list for PBXNativeTarget "Fitness" */ = {
			isa = XCConfigurationList;
			buildConfigurations = (
				87190963290161D7001D383C /* Debug */,
				87190964290161D7001D383C /* Release */,
			);
			defaultConfigurationIsVisible = 0;
			defaultConfigurationName = Release;
		};
		87190965290161D7001D383C /* Build configuration list for PBXNativeTarget "FitnessTests" */ = {
			isa = XCConfigurationList;
			buildConfigurations = (
				87190966290161D7001D383C /* Debug */,
				87190967290161D7001D383C /* Release */,
			);
			defaultConfigurationIsVisible = 0;
			defaultConfigurationName = Release;
		};
		87190968290161D7001D383C /* Build configuration list for PBXNativeTarget "FitnessUITests" */ = {
			isa = XCConfigurationList;
			buildConfigurations = (
				87190969290161D7001D383C /* Debug */,
				8719096A290161D7001D383C /* Release */,
			);
			defaultConfigurationIsVisible = 0;
			defaultConfigurationName = Release;
		};
/* End XCConfigurationList section */

/* Begin XCVersionGroup section */
		87190947290161D7001D383C /* Fitness.xcdatamodeld */ = {
			isa = XCVersionGroup;
			children = (
				87190948290161D7001D383C /* Fitness.xcdatamodel */,
			);
			currentVersion = 87190948290161D7001D383C /* Fitness.xcdatamodel */;
			path = Fitness.xcdatamodeld;
			sourceTree = "<group>";
			versionGroupType = wrapper.xcdatamodel;
		};
/* End XCVersionGroup section */
	};
	rootObject = 87190931290161D6001D383C /* Project object */;
}
